
Microsoft Visual Studio Solution File, Format Version 12.00
# Visual Studio Version 17
VisualStudioVersion = 17.6.33815.320
MinimumVisualStudioVersion = 10.0.40219.1
Project("{FAE04EC0-301F-11D3-BF4B-00C04F79EFBC}") = "MathGame", "MathGame\MathGame.csproj", "{23581791-E58A-4FEB-8816-19A9CF5B6BD8}"
EndProject
Global
	GlobalSection(SolutionConfigurationPlatforms) = preSolution
		Debug|Any CPU = Debug|Any CPU
		Release|Any CPU = Release|Any CPU
	EndGlobalSection
	GlobalSection(ProjectConfigurationPlatforms) = postSolution
		{23581791-E58A-4FEB-8816-19A9CF5B6BD8}.Debug|Any CPU.ActiveCfg = Debug|Any CPU
		{23581791-E58A-4FEB-8816-19A9CF5B6BD8}.Debug|Any CPU.Build.0 = Debug|Any CPU
		{23581791-E58A-4FEB-8816-19A9CF5B6BD8}.Release|Any CPU.ActiveCfg = Release|Any CPU
		{23581791-E58A-4FEB-8816-19A9CF5B6BD8}.Release|Any CPU.Build.0 = Release|Any CPU
	EndGlobalSection
	GlobalSection(SolutionProperties) = preSolution
		HideSolutionNode = FALSE
	EndGlobalSection
	GlobalSection(ExtensibilityGlobals) = postSolution
		SolutionGuid = {3DE0FA58-C32F-4634-B05B-53A08161D3EE}
	EndGlobalSection
EndGlobal
